
Microsoft Visual Studio Solution File, Format Version 12.00
# Visual Studio Version 16
VisualStudioVersion = 16.0.32126.315
MinimumVisualStudioVersion = 10.0.40219.1
Project("{FAE04EC0-301F-11D3-BF4B-00C04F79EFBC}") = "my-books", "my-books.csproj", "{7E3F2BBA-A224-4A94-8040-58ABB0EDD7B8}"
EndProject
Global
	GlobalSection(SolutionConfigurationPlatforms) = preSolution
		Debug|Any CPU = Debug|Any CPU
		Release|Any CPU = Release|Any CPU
	EndGlobalSection
	GlobalSection(ProjectConfigurationPlatforms) = postSolution
		{7E3F2BBA-A224-4A94-8040-58ABB0EDD7B8}.Debug|Any CPU.ActiveCfg = Debug|Any CPU
		{7E3F2BBA-A224-4A94-8040-58ABB0EDD7B8}.Debug|Any CPU.Build.0 = Debug|Any CPU
		{7E3F2BBA-A224-4A94-8040-58ABB0EDD7B8}.Release|Any CPU.ActiveCfg = Release|Any CPU
		{7E3F2BBA-A224-4A94-8040-58ABB0EDD7B8}.Release|Any CPU.Build.0 = Release|Any CPU
	EndGlobalSection
	GlobalSection(SolutionProperties) = preSolution
		HideSolutionNode = FALSE
	EndGlobalSection
	GlobalSection(ExtensibilityGlobals) = postSolution
		SolutionGuid = {09E2114B-D4A8-4B4A-A25A-56B4C01FDEC6}
	EndGlobalSection
EndGlobal
